// !$*UTF8*$!
{
	archiveVersion = 1;
	classes = {
	};
	objectVersion = 46;
	objects = {

/* Begin PBXBuildFile section */
		2C297F9719507A01000D9485 /* STMExtendNSLog.m in Sources */ = {isa = PBXBuildFile; fileRef = 2C297F9619507A01000D9485 /* STMExtendNSLog.m */; };
		2C53B88A19409E42002298A5 /* settings_schema.json in Resources */ = {isa = PBXBuildFile; fileRef = 2C53B88819409E42002298A5 /* settings_schema.json */; };
		2C53B88B19409E42002298A5 /* settings.json in Resources */ = {isa = PBXBuildFile; fileRef = 2C53B88919409E42002298A5 /* settings.json */; };
		2C53B89E19409E71002298A5 /* STMSessionManager.m in Sources */ = {isa = PBXBuildFile; fileRef = 2C53B88D19409E71002298A5 /* STMSessionManager.m */; };
		2C53B89F19409E71002298A5 /* STMSession.m in Sources */ = {isa = PBXBuildFile; fileRef = 2C53B88F19409E71002298A5 /* STMSession.m */; };
		2C53B8A019409E71002298A5 /* STMDocument.m in Sources */ = {isa = PBXBuildFile; fileRef = 2C53B89119409E71002298A5 /* STMDocument.m */; };
		2C53B8A119409E71002298A5 /* STMLogger.m in Sources */ = {isa = PBXBuildFile; fileRef = 2C53B89319409E71002298A5 /* STMLogger.m */; };
		2C53B8A219409E71002298A5 /* STMTracker.m in Sources */ = {isa = PBXBuildFile; fileRef = 2C53B89519409E71002298A5 /* STMTracker.m */; };
		2C53B8A319409E71002298A5 /* STMBatteryTracker.m in Sources */ = {isa = PBXBuildFile; fileRef = 2C53B89719409E71002298A5 /* STMBatteryTracker.m */; };
		2C53B8A419409E71002298A5 /* STMLocationTracker.m in Sources */ = {isa = PBXBuildFile; fileRef = 2C53B89919409E71002298A5 /* STMLocationTracker.m */; };
		2C53B8A519409E71002298A5 /* STMSettingsData.m in Sources */ = {isa = PBXBuildFile; fileRef = 2C53B89B19409E71002298A5 /* STMSettingsData.m */; };
		2C53B8A619409E71002298A5 /* STMSettingsController.m in Sources */ = {isa = PBXBuildFile; fileRef = 2C53B89D19409E71002298A5 /* STMSettingsController.m */; };
		2C53B8AB19409E83002298A5 /* STMLocationTVC.m in Sources */ = {isa = PBXBuildFile; fileRef = 2C53B8A819409E83002298A5 /* STMLocationTVC.m */; };
		2C53B8AC19409E83002298A5 /* STMSettingsTVC.m in Sources */ = {isa = PBXBuildFile; fileRef = 2C53B8AA19409E83002298A5 /* STMSettingsTVC.m */; };
		2C53B8D81940A1B8002298A5 /* STMDatum+Init.m in Sources */ = {isa = PBXBuildFile; fileRef = 2C53B8D31940A1B8002298A5 /* STMDatum+Init.m */; };
		2C53B8D91940A1B8002298A5 /* STMLogMessage+dayAsString.m in Sources */ = {isa = PBXBuildFile; fileRef = 2C53B8D51940A1B8002298A5 /* STMLogMessage+dayAsString.m */; };
		2C53B8DA1940A1B8002298A5 /* STMTrack+dayAsString.m in Sources */ = {isa = PBXBuildFile; fileRef = 2C53B8D71940A1B8002298A5 /* STMTrack+dayAsString.m */; };
		2C53B8EB1941C147002298A5 /* STMSyncer.m in Sources */ = {isa = PBXBuildFile; fileRef = 2C53B8EA1941C147002298A5 /* STMSyncer.m */; };
		2C53B9B019434E1E002298A5 /* STMObjectsController.m in Sources */ = {isa = PBXBuildFile; fileRef = 2C53B9AF19434E1E002298A5 /* STMObjectsController.m */; };
		2C53B9B91944AB01002298A5 /* STMCampaignsTVC.m in Sources */ = {isa = PBXBuildFile; fileRef = 2C53B9B81944AB01002298A5 /* STMCampaignsTVC.m */; };
		2C53B9BC19472D28002298A5 /* STMArticlesTVC.m in Sources */ = {isa = PBXBuildFile; fileRef = 2C53B9BB19472D28002298A5 /* STMArticlesTVC.m */; };
		2C65284219571C4B008605D9 /* STMCampaignsSVC.m in Sources */ = {isa = PBXBuildFile; fileRef = 2C65284119571C4B008605D9 /* STMCampaignsSVC.m */; };
		2C6528AA19576355008605D9 /* STMDataModel.xcdatamodeld in Sources */ = {isa = PBXBuildFile; fileRef = 2C6528A719576355008605D9 /* STMDataModel.xcdatamodeld */; };
		2C6528F219576894008605D9 /* STMPartner.m in Sources */ = {isa = PBXBuildFile; fileRef = 2C6528F119576894008605D9 /* STMPartner.m */; };
		2C6528F519576894008605D9 /* STMCampaignPicture.m in Sources */ = {isa = PBXBuildFile; fileRef = 2C6528F419576894008605D9 /* STMCampaignPicture.m */; };
		2C6528F819576894008605D9 /* STMCampaign.m in Sources */ = {isa = PBXBuildFile; fileRef = 2C6528F719576894008605D9 /* STMCampaign.m */; };
		2C6528FB19576894008605D9 /* STMLogMessage.m in Sources */ = {isa = PBXBuildFile; fileRef = 2C6528FA19576894008605D9 /* STMLogMessage.m */; };
		2C6528FE19576894008605D9 /* STMSettings.m in Sources */ = {isa = PBXBuildFile; fileRef = 2C6528FD19576894008605D9 /* STMSettings.m */; };
		2C65290119576895008605D9 /* STMBatteryStatus.m in Sources */ = {isa = PBXBuildFile; fileRef = 2C65290019576895008605D9 /* STMBatteryStatus.m */; };
		2C65290719576895008605D9 /* STMLocation.m in Sources */ = {isa = PBXBuildFile; fileRef = 2C65290619576895008605D9 /* STMLocation.m */; };
		2C65290A19576895008605D9 /* STMPhotoReport.m in Sources */ = {isa = PBXBuildFile; fileRef = 2C65290919576895008605D9 /* STMPhotoReport.m */; };
		2C65290D19576895008605D9 /* STMComment.m in Sources */ = {isa = PBXBuildFile; fileRef = 2C65290C19576895008605D9 /* STMComment.m */; };
		2C65291019576895008605D9 /* STMArticle.m in Sources */ = {isa = PBXBuildFile; fileRef = 2C65290F19576895008605D9 /* STMArticle.m */; };
		2C65291319576895008605D9 /* STMDatum.m in Sources */ = {isa = PBXBuildFile; fileRef = 2C65291219576895008605D9 /* STMDatum.m */; };
		2C65291619576895008605D9 /* STMArticlePicture.m in Sources */ = {isa = PBXBuildFile; fileRef = 2C65291519576895008605D9 /* STMArticlePicture.m */; };
		2C65291919576895008605D9 /* STMOutlet.m in Sources */ = {isa = PBXBuildFile; fileRef = 2C65291819576895008605D9 /* STMOutlet.m */; };
		2C65291C19576895008605D9 /* STMPhoto.m in Sources */ = {isa = PBXBuildFile; fileRef = 2C65291B19576895008605D9 /* STMPhoto.m */; };
		2C65291F19576895008605D9 /* STMSalesman.m in Sources */ = {isa = PBXBuildFile; fileRef = 2C65291E19576895008605D9 /* STMSalesman.m */; };
		2C65292219576895008605D9 /* STMTrack.m in Sources */ = {isa = PBXBuildFile; fileRef = 2C65292119576895008605D9 /* STMTrack.m */; };
		2C65292819582BE4008605D9 /* STMPicture.m in Sources */ = {isa = PBXBuildFile; fileRef = 2C65292719582BE4008605D9 /* STMPicture.m */; };
		2C65292B195877BA008605D9 /* STMCampaignPictureVC.m in Sources */ = {isa = PBXBuildFile; fileRef = 2C65292A195877BA008605D9 /* STMCampaignPictureVC.m */; };
		2C65292E1958A77A008605D9 /* STMCampaignPicturePVC.m in Sources */ = {isa = PBXBuildFile; fileRef = 2C65292D1958A77A008605D9 /* STMCampaignPicturePVC.m */; };
		2C8EF59F1940859F0021D202 /* Foundation.framework in Frameworks */ = {isa = PBXBuildFile; fileRef = 2C8EF59E1940859F0021D202 /* Foundation.framework */; };
		2C8EF5A11940859F0021D202 /* CoreGraphics.framework in Frameworks */ = {isa = PBXBuildFile; fileRef = 2C8EF5A01940859F0021D202 /* CoreGraphics.framework */; };
		2C8EF5A31940859F0021D202 /* UIKit.framework in Frameworks */ = {isa = PBXBuildFile; fileRef = 2C8EF5A21940859F0021D202 /* UIKit.framework */; };
		2C8EF5A91940859F0021D202 /* InfoPlist.strings in Resources */ = {isa = PBXBuildFile; fileRef = 2C8EF5A71940859F0021D202 /* InfoPlist.strings */; };
		2C8EF5AB1940859F0021D202 /* main.m in Sources */ = {isa = PBXBuildFile; fileRef = 2C8EF5AA1940859F0021D202 /* main.m */; };
		2C8EF5B71940859F0021D202 /* Images.xcassets in Resources */ = {isa = PBXBuildFile; fileRef = 2C8EF5B61940859F0021D202 /* Images.xcassets */; };
		2C8EF5BE1940859F0021D202 /* XCTest.framework in Frameworks */ = {isa = PBXBuildFile; fileRef = 2C8EF5BD1940859F0021D202 /* XCTest.framework */; };
		2C8EF5BF1940859F0021D202 /* Foundation.framework in Frameworks */ = {isa = PBXBuildFile; fileRef = 2C8EF59E1940859F0021D202 /* Foundation.framework */; };
		2C8EF5C01940859F0021D202 /* UIKit.framework in Frameworks */ = {isa = PBXBuildFile; fileRef = 2C8EF5A21940859F0021D202 /* UIKit.framework */; };
		2C8EF5C81940859F0021D202 /* InfoPlist.strings in Resources */ = {isa = PBXBuildFile; fileRef = 2C8EF5C61940859F0021D202 /* InfoPlist.strings */; };
		2C8EF5CA1940859F0021D202 /* iSistemiumTests.m in Sources */ = {isa = PBXBuildFile; fileRef = 2C8EF5C91940859F0021D202 /* iSistemiumTests.m */; };
		2C8EF5DE1940860A0021D202 /* STMAuthController.m in Sources */ = {isa = PBXBuildFile; fileRef = 2C8EF5DA1940860A0021D202 /* STMAuthController.m */; };
		2C8EF5DF1940860A0021D202 /* STMFunctions.m in Sources */ = {isa = PBXBuildFile; fileRef = 2C8EF5DC1940860A0021D202 /* STMFunctions.m */; };
		2C8EF5ED194086E10021D202 /* Localizable.strings in Resources */ = {isa = PBXBuildFile; fileRef = 2C8EF5EF194086E10021D202 /* Localizable.strings */; };
		2C8EF5F31940872E0021D202 /* STMAppDelegate.m in Sources */ = {isa = PBXBuildFile; fileRef = 2C8EF5F21940872E0021D202 /* STMAppDelegate.m */; };
		2C8EF5F7194089E10021D202 /* Security.framework in Frameworks */ = {isa = PBXBuildFile; fileRef = 2C8EF5F6194089E10021D202 /* Security.framework */; };
		2CD443E5195AAD72004ADE58 /* STMCampaignDetailsPVC.m in Sources */ = {isa = PBXBuildFile; fileRef = 2CD443E4195AAD72004ADE58 /* STMCampaignDetailsPVC.m */; };
		2CD443E8195AB23B004ADE58 /* STMCampaignPictureCVC.m in Sources */ = {isa = PBXBuildFile; fileRef = 2CD443E7195AB23B004ADE58 /* STMCampaignPictureCVC.m */; };
		2CD443EB195AB26A004ADE58 /* STMCampaignPhotoReportCVC.m in Sources */ = {isa = PBXBuildFile; fileRef = 2CD443EA195AB26A004ADE58 /* STMCampaignPhotoReportCVC.m */; };
		2CD443EE195AB4D6004ADE58 /* STMCampaignPageCVC.m in Sources */ = {isa = PBXBuildFile; fileRef = 2CD443ED195AB4D6004ADE58 /* STMCampaignPageCVC.m */; };
		2CD443F1195AD76E004ADE58 /* photo-icon.png in Resources */ = {isa = PBXBuildFile; fileRef = 2CD443F0195AD76E004ADE58 /* photo-icon.png */; };
		2CE8B515195475F400C84A6D /* STMRootTBC.m in Sources */ = {isa = PBXBuildFile; fileRef = 2CE8B514195475F400C84A6D /* STMRootTBC.m */; };
		2CE8B51B19547AF100C84A6D /* STMCampaigns.storyboard in Resources */ = {isa = PBXBuildFile; fileRef = 2CE8B51919547AF100C84A6D /* STMCampaigns.storyboard */; };
		2CE8B52019556E0400C84A6D /* STMAuthTVC.storyboard in Resources */ = {isa = PBXBuildFile; fileRef = 2CE8B51F19556E0400C84A6D /* STMAuthTVC.storyboard */; };
		2CE8B52319556F0700C84A6D /* STMAuthTVC.m in Sources */ = {isa = PBXBuildFile; fileRef = 2CE8B52219556F0700C84A6D /* STMAuthTVC.m */; };
		CEAB4F59717C484083629622 /* libPods.a in Frameworks */ = {isa = PBXBuildFile; fileRef = 6311C3BED44E4D598636BF2C /* libPods.a */; };
/* End PBXBuildFile section */

/* Begin PBXContainerItemProxy section */
		2C8EF5C11940859F0021D202 /* PBXContainerItemProxy */ = {
			isa = PBXContainerItemProxy;
			containerPortal = 2C8EF5931940859F0021D202 /* Project object */;
			proxyType = 1;
			remoteGlobalIDString = 2C8EF59A1940859F0021D202;
			remoteInfo = iSistemium;
		};
/* End PBXContainerItemProxy section */

/* Begin PBXFileReference section */
		2C297F9519507A01000D9485 /* STMExtendNSLog.h */ = {isa = PBXFileReference; fileEncoding = 4; lastKnownFileType = sourcecode.c.h; path = STMExtendNSLog.h; sourceTree = "<group>"; };
		2C297F9619507A01000D9485 /* STMExtendNSLog.m */ = {isa = PBXFileReference; fileEncoding = 4; lastKnownFileType = sourcecode.c.objc; path = STMExtendNSLog.m; sourceTree = "<group>"; };
		2C53B88819409E42002298A5 /* settings_schema.json */ = {isa = PBXFileReference; fileEncoding = 4; lastKnownFileType = text.json; path = settings_schema.json; sourceTree = "<group>"; };
		2C53B88919409E42002298A5 /* settings.json */ = {isa = PBXFileReference; fileEncoding = 4; lastKnownFileType = text.json; path = settings.json; sourceTree = "<group>"; };
		2C53B88C19409E71002298A5 /* STMSessionManager.h */ = {isa = PBXFileReference; fileEncoding = 4; lastKnownFileType = sourcecode.c.h; path = STMSessionManager.h; sourceTree = "<group>"; };
		2C53B88D19409E71002298A5 /* STMSessionManager.m */ = {isa = PBXFileReference; fileEncoding = 4; lastKnownFileType = sourcecode.c.objc; path = STMSessionManager.m; sourceTree = "<group>"; };
		2C53B88E19409E71002298A5 /* STMSession.h */ = {isa = PBXFileReference; fileEncoding = 4; lastKnownFileType = sourcecode.c.h; path = STMSession.h; sourceTree = "<group>"; };
		2C53B88F19409E71002298A5 /* STMSession.m */ = {isa = PBXFileReference; fileEncoding = 4; lastKnownFileType = sourcecode.c.objc; path = STMSession.m; sourceTree = "<group>"; };
		2C53B89019409E71002298A5 /* STMDocument.h */ = {isa = PBXFileReference; fileEncoding = 4; lastKnownFileType = sourcecode.c.h; path = STMDocument.h; sourceTree = "<group>"; };
		2C53B89119409E71002298A5 /* STMDocument.m */ = {isa = PBXFileReference; fileEncoding = 4; lastKnownFileType = sourcecode.c.objc; path = STMDocument.m; sourceTree = "<group>"; };
		2C53B89219409E71002298A5 /* STMLogger.h */ = {isa = PBXFileReference; fileEncoding = 4; lastKnownFileType = sourcecode.c.h; path = STMLogger.h; sourceTree = "<group>"; };
		2C53B89319409E71002298A5 /* STMLogger.m */ = {isa = PBXFileReference; fileEncoding = 4; lastKnownFileType = sourcecode.c.objc; path = STMLogger.m; sourceTree = "<group>"; };
		2C53B89419409E71002298A5 /* STMTracker.h */ = {isa = PBXFileReference; fileEncoding = 4; lastKnownFileType = sourcecode.c.h; path = STMTracker.h; sourceTree = "<group>"; };
		2C53B89519409E71002298A5 /* STMTracker.m */ = {isa = PBXFileReference; fileEncoding = 4; lastKnownFileType = sourcecode.c.objc; path = STMTracker.m; sourceTree = "<group>"; };
		2C53B89619409E71002298A5 /* STMBatteryTracker.h */ = {isa = PBXFileReference; fileEncoding = 4; lastKnownFileType = sourcecode.c.h; path = STMBatteryTracker.h; sourceTree = "<group>"; };
		2C53B89719409E71002298A5 /* STMBatteryTracker.m */ = {isa = PBXFileReference; fileEncoding = 4; lastKnownFileType = sourcecode.c.objc; path = STMBatteryTracker.m; sourceTree = "<group>"; };
		2C53B89819409E71002298A5 /* STMLocationTracker.h */ = {isa = PBXFileReference; fileEncoding = 4; lastKnownFileType = sourcecode.c.h; path = STMLocationTracker.h; sourceTree = "<group>"; };
		2C53B89919409E71002298A5 /* STMLocationTracker.m */ = {isa = PBXFileReference; fileEncoding = 4; lastKnownFileType = sourcecode.c.objc; path = STMLocationTracker.m; sourceTree = "<group>"; };
		2C53B89A19409E71002298A5 /* STMSettingsData.h */ = {isa = PBXFileReference; fileEncoding = 4; lastKnownFileType = sourcecode.c.h; path = STMSettingsData.h; sourceTree = "<group>"; };
		2C53B89B19409E71002298A5 /* STMSettingsData.m */ = {isa = PBXFileReference; fileEncoding = 4; lastKnownFileType = sourcecode.c.objc; path = STMSettingsData.m; sourceTree = "<group>"; };
		2C53B89C19409E71002298A5 /* STMSettingsController.h */ = {isa = PBXFileReference; fileEncoding = 4; lastKnownFileType = sourcecode.c.h; path = STMSettingsController.h; sourceTree = "<group>"; };
		2C53B89D19409E71002298A5 /* STMSettingsController.m */ = {isa = PBXFileReference; fileEncoding = 4; lastKnownFileType = sourcecode.c.objc; path = STMSettingsController.m; sourceTree = "<group>"; };
		2C53B8A719409E83002298A5 /* STMLocationTVC.h */ = {isa = PBXFileReference; fileEncoding = 4; lastKnownFileType = sourcecode.c.h; path = STMLocationTVC.h; sourceTree = "<group>"; };
		2C53B8A819409E83002298A5 /* STMLocationTVC.m */ = {isa = PBXFileReference; fileEncoding = 4; lastKnownFileType = sourcecode.c.objc; path = STMLocationTVC.m; sourceTree = "<group>"; };
		2C53B8A919409E83002298A5 /* STMSettingsTVC.h */ = {isa = PBXFileReference; fileEncoding = 4; lastKnownFileType = sourcecode.c.h; path = STMSettingsTVC.h; sourceTree = "<group>"; };
		2C53B8AA19409E83002298A5 /* STMSettingsTVC.m */ = {isa = PBXFileReference; fileEncoding = 4; lastKnownFileType = sourcecode.c.objc; path = STMSettingsTVC.m; sourceTree = "<group>"; };
		2C53B8AD1940A092002298A5 /* STMRequestAuthenticatable.h */ = {isa = PBXFileReference; fileEncoding = 4; lastKnownFileType = sourcecode.c.h; path = STMRequestAuthenticatable.h; sourceTree = "<group>"; };
		2C53B8AE1940A092002298A5 /* STMSessionManagement.h */ = {isa = PBXFileReference; fileEncoding = 4; lastKnownFileType = sourcecode.c.h; path = STMSessionManagement.h; sourceTree = "<group>"; };
		2C53B8D21940A1B8002298A5 /* STMDatum+Init.h */ = {isa = PBXFileReference; fileEncoding = 4; lastKnownFileType = sourcecode.c.h; path = "STMDatum+Init.h"; sourceTree = "<group>"; };
		2C53B8D31940A1B8002298A5 /* STMDatum+Init.m */ = {isa = PBXFileReference; fileEncoding = 4; lastKnownFileType = sourcecode.c.objc; path = "STMDatum+Init.m"; sourceTree = "<group>"; };
		2C53B8D41940A1B8002298A5 /* STMLogMessage+dayAsString.h */ = {isa = PBXFileReference; fileEncoding = 4; lastKnownFileType = sourcecode.c.h; path = "STMLogMessage+dayAsString.h"; sourceTree = "<group>"; };
		2C53B8D51940A1B8002298A5 /* STMLogMessage+dayAsString.m */ = {isa = PBXFileReference; fileEncoding = 4; lastKnownFileType = sourcecode.c.objc; path = "STMLogMessage+dayAsString.m"; sourceTree = "<group>"; };
		2C53B8D61940A1B8002298A5 /* STMTrack+dayAsString.h */ = {isa = PBXFileReference; fileEncoding = 4; lastKnownFileType = sourcecode.c.h; path = "STMTrack+dayAsString.h"; sourceTree = "<group>"; };
		2C53B8D71940A1B8002298A5 /* STMTrack+dayAsString.m */ = {isa = PBXFileReference; fileEncoding = 4; lastKnownFileType = sourcecode.c.objc; path = "STMTrack+dayAsString.m"; sourceTree = "<group>"; };
		2C53B8DB1940A515002298A5 /* SystemConfiguration.framework */ = {isa = PBXFileReference; lastKnownFileType = wrapper.framework; name = SystemConfiguration.framework; path = System/Library/Frameworks/SystemConfiguration.framework; sourceTree = SDKROOT; };
		2C53B8E91941C147002298A5 /* STMSyncer.h */ = {isa = PBXFileReference; fileEncoding = 4; lastKnownFileType = sourcecode.c.h; path = STMSyncer.h; sourceTree = "<group>"; };
		2C53B8EA1941C147002298A5 /* STMSyncer.m */ = {isa = PBXFileReference; fileEncoding = 4; lastKnownFileType = sourcecode.c.objc; path = STMSyncer.m; sourceTree = "<group>"; };
		2C53B9AE19434E1E002298A5 /* STMObjectsController.h */ = {isa = PBXFileReference; fileEncoding = 4; lastKnownFileType = sourcecode.c.h; path = STMObjectsController.h; sourceTree = "<group>"; };
		2C53B9AF19434E1E002298A5 /* STMObjectsController.m */ = {isa = PBXFileReference; fileEncoding = 4; lastKnownFileType = sourcecode.c.objc; path = STMObjectsController.m; sourceTree = "<group>"; };
		2C53B9B71944AB01002298A5 /* STMCampaignsTVC.h */ = {isa = PBXFileReference; fileEncoding = 4; lastKnownFileType = sourcecode.c.h; path = STMCampaignsTVC.h; sourceTree = "<group>"; };
		2C53B9B81944AB01002298A5 /* STMCampaignsTVC.m */ = {isa = PBXFileReference; fileEncoding = 4; lastKnownFileType = sourcecode.c.objc; path = STMCampaignsTVC.m; sourceTree = "<group>"; };
		2C53B9BA19472D28002298A5 /* STMArticlesTVC.h */ = {isa = PBXFileReference; fileEncoding = 4; lastKnownFileType = sourcecode.c.h; path = STMArticlesTVC.h; sourceTree = "<group>"; };
		2C53B9BB19472D28002298A5 /* STMArticlesTVC.m */ = {isa = PBXFileReference; fileEncoding = 4; lastKnownFileType = sourcecode.c.objc; path = STMArticlesTVC.m; sourceTree = "<group>"; };
		2C65284019571C4B008605D9 /* STMCampaignsSVC.h */ = {isa = PBXFileReference; fileEncoding = 4; lastKnownFileType = sourcecode.c.h; path = STMCampaignsSVC.h; sourceTree = "<group>"; };
		2C65284119571C4B008605D9 /* STMCampaignsSVC.m */ = {isa = PBXFileReference; fileEncoding = 4; lastKnownFileType = sourcecode.c.objc; path = STMCampaignsSVC.m; sourceTree = "<group>"; };
		2C6528A819576355008605D9 /* STMDataModel 2.xcdatamodel */ = {isa = PBXFileReference; lastKnownFileType = wrapper.xcdatamodel; path = "STMDataModel 2.xcdatamodel"; sourceTree = "<group>"; };
		2C6528A919576355008605D9 /* STMDataModel.xcdatamodel */ = {isa = PBXFileReference; lastKnownFileType = wrapper.xcdatamodel; path = STMDataModel.xcdatamodel; sourceTree = "<group>"; };
		2C6528F019576894008605D9 /* STMPartner.h */ = {isa = PBXFileReference; fileEncoding = 4; lastKnownFileType = sourcecode.c.h; path = STMPartner.h; sourceTree = "<group>"; };
		2C6528F119576894008605D9 /* STMPartner.m */ = {isa = PBXFileReference; fileEncoding = 4; lastKnownFileType = sourcecode.c.objc; path = STMPartner.m; sourceTree = "<group>"; };
		2C6528F319576894008605D9 /* STMCampaignPicture.h */ = {isa = PBXFileReference; fileEncoding = 4; lastKnownFileType = sourcecode.c.h; path = STMCampaignPicture.h; sourceTree = "<group>"; };
		2C6528F419576894008605D9 /* STMCampaignPicture.m */ = {isa = PBXFileReference; fileEncoding = 4; lastKnownFileType = sourcecode.c.objc; path = STMCampaignPicture.m; sourceTree = "<group>"; };
		2C6528F619576894008605D9 /* STMCampaign.h */ = {isa = PBXFileReference; fileEncoding = 4; lastKnownFileType = sourcecode.c.h; path = STMCampaign.h; sourceTree = "<group>"; };
		2C6528F719576894008605D9 /* STMCampaign.m */ = {isa = PBXFileReference; fileEncoding = 4; lastKnownFileType = sourcecode.c.objc; path = STMCampaign.m; sourceTree = "<group>"; };
		2C6528F919576894008605D9 /* STMLogMessage.h */ = {isa = PBXFileReference; fileEncoding = 4; lastKnownFileType = sourcecode.c.h; path = STMLogMessage.h; sourceTree = "<group>"; };
		2C6528FA19576894008605D9 /* STMLogMessage.m */ = {isa = PBXFileReference; fileEncoding = 4; lastKnownFileType = sourcecode.c.objc; path = STMLogMessage.m; sourceTree = "<group>"; };
		2C6528FC19576894008605D9 /* STMSettings.h */ = {isa = PBXFileReference; fileEncoding = 4; lastKnownFileType = sourcecode.c.h; path = STMSettings.h; sourceTree = "<group>"; };
		2C6528FD19576894008605D9 /* STMSettings.m */ = {isa = PBXFileReference; fileEncoding = 4; lastKnownFileType = sourcecode.c.objc; path = STMSettings.m; sourceTree = "<group>"; };
		2C6528FF19576895008605D9 /* STMBatteryStatus.h */ = {isa = PBXFileReference; fileEncoding = 4; lastKnownFileType = sourcecode.c.h; path = STMBatteryStatus.h; sourceTree = "<group>"; };
		2C65290019576895008605D9 /* STMBatteryStatus.m */ = {isa = PBXFileReference; fileEncoding = 4; lastKnownFileType = sourcecode.c.objc; path = STMBatteryStatus.m; sourceTree = "<group>"; };
		2C65290519576895008605D9 /* STMLocation.h */ = {isa = PBXFileReference; fileEncoding = 4; lastKnownFileType = sourcecode.c.h; path = STMLocation.h; sourceTree = "<group>"; };
		2C65290619576895008605D9 /* STMLocation.m */ = {isa = PBXFileReference; fileEncoding = 4; lastKnownFileType = sourcecode.c.objc; path = STMLocation.m; sourceTree = "<group>"; };
		2C65290819576895008605D9 /* STMPhotoReport.h */ = {isa = PBXFileReference; fileEncoding = 4; lastKnownFileType = sourcecode.c.h; path = STMPhotoReport.h; sourceTree = "<group>"; };
		2C65290919576895008605D9 /* STMPhotoReport.m */ = {isa = PBXFileReference; fileEncoding = 4; lastKnownFileType = sourcecode.c.objc; path = STMPhotoReport.m; sourceTree = "<group>"; };
		2C65290B19576895008605D9 /* STMComment.h */ = {isa = PBXFileReference; fileEncoding = 4; lastKnownFileType = sourcecode.c.h; path = STMComment.h; sourceTree = "<group>"; };
		2C65290C19576895008605D9 /* STMComment.m */ = {isa = PBXFileReference; fileEncoding = 4; lastKnownFileType = sourcecode.c.objc; path = STMComment.m; sourceTree = "<group>"; };
		2C65290E19576895008605D9 /* STMArticle.h */ = {isa = PBXFileReference; fileEncoding = 4; lastKnownFileType = sourcecode.c.h; path = STMArticle.h; sourceTree = "<group>"; };
		2C65290F19576895008605D9 /* STMArticle.m */ = {isa = PBXFileReference; fileEncoding = 4; lastKnownFileType = sourcecode.c.objc; path = STMArticle.m; sourceTree = "<group>"; };
		2C65291119576895008605D9 /* STMDatum.h */ = {isa = PBXFileReference; fileEncoding = 4; lastKnownFileType = sourcecode.c.h; path = STMDatum.h; sourceTree = "<group>"; };
		2C65291219576895008605D9 /* STMDatum.m */ = {isa = PBXFileReference; fileEncoding = 4; lastKnownFileType = sourcecode.c.objc; path = STMDatum.m; sourceTree = "<group>"; };
		2C65291419576895008605D9 /* STMArticlePicture.h */ = {isa = PBXFileReference; fileEncoding = 4; lastKnownFileType = sourcecode.c.h; path = STMArticlePicture.h; sourceTree = "<group>"; };
		2C65291519576895008605D9 /* STMArticlePicture.m */ = {isa = PBXFileReference; fileEncoding = 4; lastKnownFileType = sourcecode.c.objc; path = STMArticlePicture.m; sourceTree = "<group>"; };
		2C65291719576895008605D9 /* STMOutlet.h */ = {isa = PBXFileReference; fileEncoding = 4; lastKnownFileType = sourcecode.c.h; path = STMOutlet.h; sourceTree = "<group>"; };
		2C65291819576895008605D9 /* STMOutlet.m */ = {isa = PBXFileReference; fileEncoding = 4; lastKnownFileType = sourcecode.c.objc; path = STMOutlet.m; sourceTree = "<group>"; };
		2C65291A19576895008605D9 /* STMPhoto.h */ = {isa = PBXFileReference; fileEncoding = 4; lastKnownFileType = sourcecode.c.h; path = STMPhoto.h; sourceTree = "<group>"; };
		2C65291B19576895008605D9 /* STMPhoto.m */ = {isa = PBXFileReference; fileEncoding = 4; lastKnownFileType = sourcecode.c.objc; path = STMPhoto.m; sourceTree = "<group>"; };
		2C65291D19576895008605D9 /* STMSalesman.h */ = {isa = PBXFileReference; fileEncoding = 4; lastKnownFileType = sourcecode.c.h; path = STMSalesman.h; sourceTree = "<group>"; };
		2C65291E19576895008605D9 /* STMSalesman.m */ = {isa = PBXFileReference; fileEncoding = 4; lastKnownFileType = sourcecode.c.objc; path = STMSalesman.m; sourceTree = "<group>"; };
		2C65292019576895008605D9 /* STMTrack.h */ = {isa = PBXFileReference; fileEncoding = 4; lastKnownFileType = sourcecode.c.h; path = STMTrack.h; sourceTree = "<group>"; };
		2C65292119576895008605D9 /* STMTrack.m */ = {isa = PBXFileReference; fileEncoding = 4; lastKnownFileType = sourcecode.c.objc; path = STMTrack.m; sourceTree = "<group>"; };
		2C65292619582BE4008605D9 /* STMPicture.h */ = {isa = PBXFileReference; fileEncoding = 4; lastKnownFileType = sourcecode.c.h; path = STMPicture.h; sourceTree = "<group>"; };
		2C65292719582BE4008605D9 /* STMPicture.m */ = {isa = PBXFileReference; fileEncoding = 4; lastKnownFileType = sourcecode.c.objc; path = STMPicture.m; sourceTree = "<group>"; };
		2C652929195877BA008605D9 /* STMCampaignPictureVC.h */ = {isa = PBXFileReference; fileEncoding = 4; lastKnownFileType = sourcecode.c.h; path = STMCampaignPictureVC.h; sourceTree = "<group>"; };
		2C65292A195877BA008605D9 /* STMCampaignPictureVC.m */ = {isa = PBXFileReference; fileEncoding = 4; lastKnownFileType = sourcecode.c.objc; path = STMCampaignPictureVC.m; sourceTree = "<group>"; };
		2C65292C1958A77A008605D9 /* STMCampaignPicturePVC.h */ = {isa = PBXFileReference; fileEncoding = 4; lastKnownFileType = sourcecode.c.h; path = STMCampaignPicturePVC.h; sourceTree = "<group>"; };
		2C65292D1958A77A008605D9 /* STMCampaignPicturePVC.m */ = {isa = PBXFileReference; fileEncoding = 4; lastKnownFileType = sourcecode.c.objc; path = STMCampaignPicturePVC.m; sourceTree = "<group>"; };
		2C8EF59B1940859F0021D202 /* iSistemium.app */ = {isa = PBXFileReference; explicitFileType = wrapper.application; includeInIndex = 0; path = iSistemium.app; sourceTree = BUILT_PRODUCTS_DIR; };
		2C8EF59E1940859F0021D202 /* Foundation.framework */ = {isa = PBXFileReference; lastKnownFileType = wrapper.framework; name = Foundation.framework; path = System/Library/Frameworks/Foundation.framework; sourceTree = SDKROOT; };
		2C8EF5A01940859F0021D202 /* CoreGraphics.framework */ = {isa = PBXFileReference; lastKnownFileType = wrapper.framework; name = CoreGraphics.framework; path = System/Library/Frameworks/CoreGraphics.framework; sourceTree = SDKROOT; };
		2C8EF5A21940859F0021D202 /* UIKit.framework */ = {isa = PBXFileReference; lastKnownFileType = wrapper.framework; name = UIKit.framework; path = System/Library/Frameworks/UIKit.framework; sourceTree = SDKROOT; };
		2C8EF5A61940859F0021D202 /* iSistemium-Info.plist */ = {isa = PBXFileReference; lastKnownFileType = text.plist.xml; path = "iSistemium-Info.plist"; sourceTree = "<group>"; };
		2C8EF5A81940859F0021D202 /* en */ = {isa = PBXFileReference; lastKnownFileType = text.plist.strings; name = en; path = en.lproj/InfoPlist.strings; sourceTree = "<group>"; };
		2C8EF5AA1940859F0021D202 /* main.m */ = {isa = PBXFileReference; lastKnownFileType = sourcecode.c.objc; path = main.m; sourceTree = "<group>"; };
		2C8EF5AC1940859F0021D202 /* iSistemium-Prefix.pch */ = {isa = PBXFileReference; lastKnownFileType = sourcecode.c.h; path = "iSistemium-Prefix.pch"; sourceTree = "<group>"; };
		2C8EF5B61940859F0021D202 /* Images.xcassets */ = {isa = PBXFileReference; lastKnownFileType = folder.assetcatalog; path = Images.xcassets; sourceTree = "<group>"; };
		2C8EF5BC1940859F0021D202 /* iSistemiumTests.xctest */ = {isa = PBXFileReference; explicitFileType = wrapper.cfbundle; includeInIndex = 0; path = iSistemiumTests.xctest; sourceTree = BUILT_PRODUCTS_DIR; };
		2C8EF5BD1940859F0021D202 /* XCTest.framework */ = {isa = PBXFileReference; lastKnownFileType = wrapper.framework; name = XCTest.framework; path = Library/Frameworks/XCTest.framework; sourceTree = DEVELOPER_DIR; };
		2C8EF5C51940859F0021D202 /* iSistemiumTests-Info.plist */ = {isa = PBXFileReference; lastKnownFileType = text.plist.xml; path = "iSistemiumTests-Info.plist"; sourceTree = "<group>"; };
		2C8EF5C71940859F0021D202 /* en */ = {isa = PBXFileReference; lastKnownFileType = text.plist.strings; name = en; path = en.lproj/InfoPlist.strings; sourceTree = "<group>"; };
		2C8EF5C91940859F0021D202 /* iSistemiumTests.m */ = {isa = PBXFileReference; lastKnownFileType = sourcecode.c.objc; path = iSistemiumTests.m; sourceTree = "<group>"; };
		2C8EF5D5194085D50021D202 /* ru */ = {isa = PBXFileReference; lastKnownFileType = text.plist.strings; name = ru; path = ru.lproj/InfoPlist.strings; sourceTree = "<group>"; };
		2C8EF5D6194085D50021D202 /* ru */ = {isa = PBXFileReference; lastKnownFileType = text.plist.strings; name = ru; path = ru.lproj/InfoPlist.strings; sourceTree = "<group>"; };
		2C8EF5D91940860A0021D202 /* STMAuthController.h */ = {isa = PBXFileReference; fileEncoding = 4; lastKnownFileType = sourcecode.c.h; path = STMAuthController.h; sourceTree = "<group>"; };
		2C8EF5DA1940860A0021D202 /* STMAuthController.m */ = {isa = PBXFileReference; fileEncoding = 4; lastKnownFileType = sourcecode.c.objc; path = STMAuthController.m; sourceTree = "<group>"; };
		2C8EF5DB1940860A0021D202 /* STMFunctions.h */ = {isa = PBXFileReference; fileEncoding = 4; lastKnownFileType = sourcecode.c.h; path = STMFunctions.h; sourceTree = "<group>"; };
		2C8EF5DC1940860A0021D202 /* STMFunctions.m */ = {isa = PBXFileReference; fileEncoding = 4; lastKnownFileType = sourcecode.c.objc; path = STMFunctions.m; sourceTree = "<group>"; };
		2C8EF5EE194086E10021D202 /* en */ = {isa = PBXFileReference; lastKnownFileType = text.plist.strings; name = en; path = en.lproj/Localizable.strings; sourceTree = "<group>"; };
		2C8EF5F0194086E20021D202 /* ru */ = {isa = PBXFileReference; lastKnownFileType = text.plist.strings; name = ru; path = ru.lproj/Localizable.strings; sourceTree = "<group>"; };
		2C8EF5F11940872E0021D202 /* STMAppDelegate.h */ = {isa = PBXFileReference; fileEncoding = 4; lastKnownFileType = sourcecode.c.h; path = STMAppDelegate.h; sourceTree = "<group>"; };
		2C8EF5F21940872E0021D202 /* STMAppDelegate.m */ = {isa = PBXFileReference; fileEncoding = 4; lastKnownFileType = sourcecode.c.objc; path = STMAppDelegate.m; sourceTree = "<group>"; };
		2C8EF5F6194089E10021D202 /* Security.framework */ = {isa = PBXFileReference; lastKnownFileType = wrapper.framework; name = Security.framework; path = System/Library/Frameworks/Security.framework; sourceTree = SDKROOT; };
		2CD443E3195AAD72004ADE58 /* STMCampaignDetailsPVC.h */ = {isa = PBXFileReference; fileEncoding = 4; lastKnownFileType = sourcecode.c.h; path = STMCampaignDetailsPVC.h; sourceTree = "<group>"; };
		2CD443E4195AAD72004ADE58 /* STMCampaignDetailsPVC.m */ = {isa = PBXFileReference; fileEncoding = 4; lastKnownFileType = sourcecode.c.objc; path = STMCampaignDetailsPVC.m; sourceTree = "<group>"; };
		2CD443E6195AB23B004ADE58 /* STMCampaignPictureCVC.h */ = {isa = PBXFileReference; fileEncoding = 4; lastKnownFileType = sourcecode.c.h; path = STMCampaignPictureCVC.h; sourceTree = "<group>"; };
		2CD443E7195AB23B004ADE58 /* STMCampaignPictureCVC.m */ = {isa = PBXFileReference; fileEncoding = 4; lastKnownFileType = sourcecode.c.objc; path = STMCampaignPictureCVC.m; sourceTree = "<group>"; };
		2CD443E9195AB26A004ADE58 /* STMCampaignPhotoReportCVC.h */ = {isa = PBXFileReference; fileEncoding = 4; lastKnownFileType = sourcecode.c.h; path = STMCampaignPhotoReportCVC.h; sourceTree = "<group>"; };
		2CD443EA195AB26A004ADE58 /* STMCampaignPhotoReportCVC.m */ = {isa = PBXFileReference; fileEncoding = 4; lastKnownFileType = sourcecode.c.objc; path = STMCampaignPhotoReportCVC.m; sourceTree = "<group>"; };
		2CD443EC195AB4D6004ADE58 /* STMCampaignPageCVC.h */ = {isa = PBXFileReference; fileEncoding = 4; lastKnownFileType = sourcecode.c.h; path = STMCampaignPageCVC.h; sourceTree = "<group>"; };
		2CD443ED195AB4D6004ADE58 /* STMCampaignPageCVC.m */ = {isa = PBXFileReference; fileEncoding = 4; lastKnownFileType = sourcecode.c.objc; path = STMCampaignPageCVC.m; sourceTree = "<group>"; };
		2CD443F0195AD76E004ADE58 /* photo-icon.png */ = {isa = PBXFileReference; lastKnownFileType = image.png; path = "photo-icon.png"; sourceTree = "<group>"; };
		2CE8B513195475F400C84A6D /* STMRootTBC.h */ = {isa = PBXFileReference; fileEncoding = 4; lastKnownFileType = sourcecode.c.h; path = STMRootTBC.h; sourceTree = "<group>"; };
		2CE8B514195475F400C84A6D /* STMRootTBC.m */ = {isa = PBXFileReference; fileEncoding = 4; lastKnownFileType = sourcecode.c.objc; path = STMRootTBC.m; sourceTree = "<group>"; };
		2CE8B51919547AF100C84A6D /* STMCampaigns.storyboard */ = {isa = PBXFileReference; fileEncoding = 4; lastKnownFileType = file.storyboard; path = STMCampaigns.storyboard; sourceTree = "<group>"; };
		2CE8B51F19556E0400C84A6D /* STMAuthTVC.storyboard */ = {isa = PBXFileReference; fileEncoding = 4; lastKnownFileType = file.storyboard; path = STMAuthTVC.storyboard; sourceTree = "<group>"; };
		2CE8B52119556F0700C84A6D /* STMAuthTVC.h */ = {isa = PBXFileReference; fileEncoding = 4; lastKnownFileType = sourcecode.c.h; path = STMAuthTVC.h; sourceTree = "<group>"; };
		2CE8B52219556F0700C84A6D /* STMAuthTVC.m */ = {isa = PBXFileReference; fileEncoding = 4; lastKnownFileType = sourcecode.c.objc; path = STMAuthTVC.m; sourceTree = "<group>"; };
		6311C3BED44E4D598636BF2C /* libPods.a */ = {isa = PBXFileReference; explicitFileType = archive.ar; includeInIndex = 0; path = libPods.a; sourceTree = BUILT_PRODUCTS_DIR; };
		E8B7BD87EDED486BA6D4F962 /* Pods.xcconfig */ = {isa = PBXFileReference; includeInIndex = 1; lastKnownFileType = text.xcconfig; name = Pods.xcconfig; path = Pods/Pods.xcconfig; sourceTree = "<group>"; };
/* End PBXFileReference section */

/* Begin PBXFrameworksBuildPhase section */
		2C8EF5981940859F0021D202 /* Frameworks */ = {
			isa = PBXFrameworksBuildPhase;
			buildActionMask = 2147483647;
			files = (
				2C8EF5F7194089E10021D202 /* Security.framework in Frameworks */,
				2C8EF5A11940859F0021D202 /* CoreGraphics.framework in Frameworks */,
				2C8EF5A31940859F0021D202 /* UIKit.framework in Frameworks */,
				2C8EF59F1940859F0021D202 /* Foundation.framework in Frameworks */,
				CEAB4F59717C484083629622 /* libPods.a in Frameworks */,
			);
			runOnlyForDeploymentPostprocessing = 0;
		};
		2C8EF5B91940859F0021D202 /* Frameworks */ = {
			isa = PBXFrameworksBuildPhase;
			buildActionMask = 2147483647;
			files = (
				2C8EF5BE1940859F0021D202 /* XCTest.framework in Frameworks */,
				2C8EF5C01940859F0021D202 /* UIKit.framework in Frameworks */,
				2C8EF5BF1940859F0021D202 /* Foundation.framework in Frameworks */,
			);
			runOnlyForDeploymentPostprocessing = 0;
		};
/* End PBXFrameworksBuildPhase section */

/* Begin PBXGroup section */
		2C53B88419409D64002298A5 /* Views */ = {
			isa = PBXGroup;
			children = (
				2CE8B513195475F400C84A6D /* STMRootTBC.h */,
				2CE8B514195475F400C84A6D /* STMRootTBC.m */,
				2CE8B52119556F0700C84A6D /* STMAuthTVC.h */,
				2CE8B52219556F0700C84A6D /* STMAuthTVC.m */,
				2C53B8A719409E83002298A5 /* STMLocationTVC.h */,
				2C53B8A819409E83002298A5 /* STMLocationTVC.m */,
				2C53B8A919409E83002298A5 /* STMSettingsTVC.h */,
				2C53B8AA19409E83002298A5 /* STMSettingsTVC.m */,
				2C53B9BA19472D28002298A5 /* STMArticlesTVC.h */,
				2C53B9BB19472D28002298A5 /* STMArticlesTVC.m */,
				2C65284019571C4B008605D9 /* STMCampaignsSVC.h */,
				2C65284119571C4B008605D9 /* STMCampaignsSVC.m */,
				2C53B9B71944AB01002298A5 /* STMCampaignsTVC.h */,
				2C53B9B81944AB01002298A5 /* STMCampaignsTVC.m */,
				2CD443E3195AAD72004ADE58 /* STMCampaignDetailsPVC.h */,
				2CD443E4195AAD72004ADE58 /* STMCampaignDetailsPVC.m */,
				2CD443EC195AB4D6004ADE58 /* STMCampaignPageCVC.h */,
				2CD443ED195AB4D6004ADE58 /* STMCampaignPageCVC.m */,
				2CD443E6195AB23B004ADE58 /* STMCampaignPictureCVC.h */,
				2CD443E7195AB23B004ADE58 /* STMCampaignPictureCVC.m */,
				2CD443E9195AB26A004ADE58 /* STMCampaignPhotoReportCVC.h */,
				2CD443EA195AB26A004ADE58 /* STMCampaignPhotoReportCVC.m */,
				2C65292C1958A77A008605D9 /* STMCampaignPicturePVC.h */,
				2C65292D1958A77A008605D9 /* STMCampaignPicturePVC.m */,
				2C652929195877BA008605D9 /* STMCampaignPictureVC.h */,
				2C65292A195877BA008605D9 /* STMCampaignPictureVC.m */,
			);
			path = Views;
			sourceTree = "<group>";
		};
		2C53B88519409DC4002298A5 /* Protocols */ = {
			isa = PBXGroup;
			children = (
				2C53B8AD1940A092002298A5 /* STMRequestAuthenticatable.h */,
				2C53B8AE1940A092002298A5 /* STMSessionManagement.h */,
			);
			path = Protocols;
			sourceTree = "<group>";
		};
		2C53B8AF1940A0A3002298A5 /* DataModel */ = {
			isa = PBXGroup;
			children = (
				2C6528A719576355008605D9 /* STMDataModel.xcdatamodeld */,
				2C65292619582BE4008605D9 /* STMPicture.h */,
				2C65292719582BE4008605D9 /* STMPicture.m */,
				2C65292019576895008605D9 /* STMTrack.h */,
				2C65292119576895008605D9 /* STMTrack.m */,
				2C65291D19576895008605D9 /* STMSalesman.h */,
				2C65291E19576895008605D9 /* STMSalesman.m */,
				2C65291A19576895008605D9 /* STMPhoto.h */,
				2C65291B19576895008605D9 /* STMPhoto.m */,
				2C65291719576895008605D9 /* STMOutlet.h */,
				2C65291819576895008605D9 /* STMOutlet.m */,
				2C65291419576895008605D9 /* STMArticlePicture.h */,
				2C65291519576895008605D9 /* STMArticlePicture.m */,
				2C65291119576895008605D9 /* STMDatum.h */,
				2C65291219576895008605D9 /* STMDatum.m */,
				2C65290E19576895008605D9 /* STMArticle.h */,
				2C65290F19576895008605D9 /* STMArticle.m */,
				2C65290B19576895008605D9 /* STMComment.h */,
				2C65290C19576895008605D9 /* STMComment.m */,
				2C65290819576895008605D9 /* STMPhotoReport.h */,
				2C65290919576895008605D9 /* STMPhotoReport.m */,
				2C65290519576895008605D9 /* STMLocation.h */,
				2C65290619576895008605D9 /* STMLocation.m */,
				2C6528FF19576895008605D9 /* STMBatteryStatus.h */,
				2C65290019576895008605D9 /* STMBatteryStatus.m */,
				2C6528FC19576894008605D9 /* STMSettings.h */,
				2C6528FD19576894008605D9 /* STMSettings.m */,
				2C6528F919576894008605D9 /* STMLogMessage.h */,
				2C6528FA19576894008605D9 /* STMLogMessage.m */,
				2C6528F619576894008605D9 /* STMCampaign.h */,
				2C6528F719576894008605D9 /* STMCampaign.m */,
				2C6528F319576894008605D9 /* STMCampaignPicture.h */,
				2C6528F419576894008605D9 /* STMCampaignPicture.m */,
				2C6528F019576894008605D9 /* STMPartner.h */,
				2C6528F119576894008605D9 /* STMPartner.m */,
				2C53B8D21940A1B8002298A5 /* STMDatum+Init.h */,
				2C53B8D31940A1B8002298A5 /* STMDatum+Init.m */,
				2C53B8D41940A1B8002298A5 /* STMLogMessage+dayAsString.h */,
				2C53B8D51940A1B8002298A5 /* STMLogMessage+dayAsString.m */,
				2C53B8D61940A1B8002298A5 /* STMTrack+dayAsString.h */,
				2C53B8D71940A1B8002298A5 /* STMTrack+dayAsString.m */,
			);
			path = DataModel;
			sourceTree = "<group>";
		};
		2C8EF5921940859F0021D202 = {
			isa = PBXGroup;
			children = (
				2C8EF5A41940859F0021D202 /* iSistemium */,
				2C8EF5C31940859F0021D202 /* iSistemiumTests */,
				2C8EF59D1940859F0021D202 /* Frameworks */,
				2C8EF59C1940859F0021D202 /* Products */,
				E8B7BD87EDED486BA6D4F962 /* Pods.xcconfig */,
			);
			sourceTree = "<group>";
		};
		2C8EF59C1940859F0021D202 /* Products */ = {
			isa = PBXGroup;
			children = (
				2C8EF59B1940859F0021D202 /* iSistemium.app */,
				2C8EF5BC1940859F0021D202 /* iSistemiumTests.xctest */,
			);
			name = Products;
			sourceTree = "<group>";
		};
		2C8EF59D1940859F0021D202 /* Frameworks */ = {
			isa = PBXGroup;
			children = (
				2C53B8DB1940A515002298A5 /* SystemConfiguration.framework */,
				2C8EF5F6194089E10021D202 /* Security.framework */,
				2C8EF59E1940859F0021D202 /* Foundation.framework */,
				2C8EF5A01940859F0021D202 /* CoreGraphics.framework */,
				2C8EF5A21940859F0021D202 /* UIKit.framework */,
				2C8EF5BD1940859F0021D202 /* XCTest.framework */,
				6311C3BED44E4D598636BF2C /* libPods.a */,
			);
			name = Frameworks;
			sourceTree = "<group>";
		};
		2C8EF5A41940859F0021D202 /* iSistemium */ = {
			isa = PBXGroup;
			children = (
				2CE8B51719547A7900C84A6D /* Storyboards */,
				2C53B8AF1940A0A3002298A5 /* DataModel */,
				2C53B88519409DC4002298A5 /* Protocols */,
				2C8EF5D3194085B70021D202 /* Classes */,
				2C8EF5E0194086450021D202 /* Resources */,
				2C8EF5F11940872E0021D202 /* STMAppDelegate.h */,
				2C8EF5F21940872E0021D202 /* STMAppDelegate.m */,
				2C8EF5B61940859F0021D202 /* Images.xcassets */,
				2C8EF5A51940859F0021D202 /* Supporting Files */,
			);
			path = iSistemium;
			sourceTree = "<group>";
		};
		2C8EF5A51940859F0021D202 /* Supporting Files */ = {
			isa = PBXGroup;
			children = (
				2C8EF5A61940859F0021D202 /* iSistemium-Info.plist */,
				2C8EF5A71940859F0021D202 /* InfoPlist.strings */,
				2C8EF5AA1940859F0021D202 /* main.m */,
				2C8EF5AC1940859F0021D202 /* iSistemium-Prefix.pch */,
			);
			name = "Supporting Files";
			sourceTree = "<group>";
		};
		2C8EF5C31940859F0021D202 /* iSistemiumTests */ = {
			isa = PBXGroup;
			children = (
				2C8EF5C91940859F0021D202 /* iSistemiumTests.m */,
				2C8EF5C41940859F0021D202 /* Supporting Files */,
			);
			path = iSistemiumTests;
			sourceTree = "<group>";
		};
		2C8EF5C41940859F0021D202 /* Supporting Files */ = {
			isa = PBXGroup;
			children = (
				2C8EF5C51940859F0021D202 /* iSistemiumTests-Info.plist */,
				2C8EF5C61940859F0021D202 /* InfoPlist.strings */,
			);
			name = "Supporting Files";
			sourceTree = "<group>";
		};
		2C8EF5D3194085B70021D202 /* Classes */ = {
			isa = PBXGroup;
			children = (
				2C297F9519507A01000D9485 /* STMExtendNSLog.h */,
				2C297F9619507A01000D9485 /* STMExtendNSLog.m */,
				2C53B88C19409E71002298A5 /* STMSessionManager.h */,
				2C53B88D19409E71002298A5 /* STMSessionManager.m */,
				2C53B88E19409E71002298A5 /* STMSession.h */,
				2C53B88F19409E71002298A5 /* STMSession.m */,
				2C53B89019409E71002298A5 /* STMDocument.h */,
				2C53B89119409E71002298A5 /* STMDocument.m */,
				2C53B89219409E71002298A5 /* STMLogger.h */,
				2C53B89319409E71002298A5 /* STMLogger.m */,
				2C53B89419409E71002298A5 /* STMTracker.h */,
				2C53B89519409E71002298A5 /* STMTracker.m */,
				2C53B89619409E71002298A5 /* STMBatteryTracker.h */,
				2C53B89719409E71002298A5 /* STMBatteryTracker.m */,
				2C53B89819409E71002298A5 /* STMLocationTracker.h */,
				2C53B89919409E71002298A5 /* STMLocationTracker.m */,
				2C53B89A19409E71002298A5 /* STMSettingsData.h */,
				2C53B89B19409E71002298A5 /* STMSettingsData.m */,
				2C53B89C19409E71002298A5 /* STMSettingsController.h */,
				2C53B89D19409E71002298A5 /* STMSettingsController.m */,
				2C53B8E91941C147002298A5 /* STMSyncer.h */,
				2C53B8EA1941C147002298A5 /* STMSyncer.m */,
				2C8EF5D91940860A0021D202 /* STMAuthController.h */,
				2C8EF5DA1940860A0021D202 /* STMAuthController.m */,
				2C8EF5DB1940860A0021D202 /* STMFunctions.h */,
				2C8EF5DC1940860A0021D202 /* STMFunctions.m */,
				2C53B9AE19434E1E002298A5 /* STMObjectsController.h */,
				2C53B9AF19434E1E002298A5 /* STMObjectsController.m */,
				2C53B88419409D64002298A5 /* Views */,
			);
			path = Classes;
			sourceTree = "<group>";
		};
		2C8EF5E0194086450021D202 /* Resources */ = {
			isa = PBXGroup;
			children = (
				2CD443EF195AD741004ADE58 /* Images */,
				2C53B88819409E42002298A5 /* settings_schema.json */,
				2C53B88919409E42002298A5 /* settings.json */,
				2C8EF5EF194086E10021D202 /* Localizable.strings */,
			);
			path = Resources;
			sourceTree = "<group>";
		};
		2CD443EF195AD741004ADE58 /* Images */ = {
			isa = PBXGroup;
			children = (
				2CD443F0195AD76E004ADE58 /* photo-icon.png */,
			);
			path = Images;
			sourceTree = "<group>";
		};
		2CE8B51719547A7900C84A6D /* Storyboards */ = {
			isa = PBXGroup;
			children = (
				2CE8B51F19556E0400C84A6D /* STMAuthTVC.storyboard */,
				2CE8B51919547AF100C84A6D /* STMCampaigns.storyboard */,
			);
			path = Storyboards;
			sourceTree = "<group>";
		};
/* End PBXGroup section */

/* Begin PBXNativeTarget section */
		2C8EF59A1940859F0021D202 /* iSistemium */ = {
			isa = PBXNativeTarget;
			buildConfigurationList = 2C8EF5CD1940859F0021D202 /* Build configuration list for PBXNativeTarget "iSistemium" */;
			buildPhases = (
				8CB93573B6F54ED2AEF808D8 /* Check Pods Manifest.lock */,
				2C8EF5971940859F0021D202 /* Sources */,
				2C8EF5981940859F0021D202 /* Frameworks */,
				2C8EF5991940859F0021D202 /* Resources */,
				18CFE10A922847BD8A0454E0 /* Copy Pods Resources */,
			);
			buildRules = (
			);
			dependencies = (
			);
			name = iSistemium;
			productName = iSistemium;
			productReference = 2C8EF59B1940859F0021D202 /* iSistemium.app */;
			productType = "com.apple.product-type.application";
		};
		2C8EF5BB1940859F0021D202 /* iSistemiumTests */ = {
			isa = PBXNativeTarget;
			buildConfigurationList = 2C8EF5D01940859F0021D202 /* Build configuration list for PBXNativeTarget "iSistemiumTests" */;
			buildPhases = (
				2C8EF5B81940859F0021D202 /* Sources */,
				2C8EF5B91940859F0021D202 /* Frameworks */,
				2C8EF5BA1940859F0021D202 /* Resources */,
			);
			buildRules = (
			);
			dependencies = (
				2C8EF5C21940859F0021D202 /* PBXTargetDependency */,
			);
			name = iSistemiumTests;
			productName = iSistemiumTests;
			productReference = 2C8EF5BC1940859F0021D202 /* iSistemiumTests.xctest */;
			productType = "com.apple.product-type.bundle.unit-test";
		};
/* End PBXNativeTarget section */

/* Begin PBXProject section */
		2C8EF5931940859F0021D202 /* Project object */ = {
			isa = PBXProject;
			attributes = {
				CLASSPREFIX = STM;
				LastUpgradeCheck = 0510;
				ORGANIZATIONNAME = "Sistemium UAB";
				TargetAttributes = {
					2C8EF59A1940859F0021D202 = {
						DevelopmentTeam = HZMMGDCLPA;
					};
					2C8EF5BB1940859F0021D202 = {
						TestTargetID = 2C8EF59A1940859F0021D202;
					};
				};
			};
			buildConfigurationList = 2C8EF5961940859F0021D202 /* Build configuration list for PBXProject "iSistemium" */;
			compatibilityVersion = "Xcode 3.2";
			developmentRegion = English;
			hasScannedForEncodings = 0;
			knownRegions = (
				en,
				Base,
				ru,
			);
			mainGroup = 2C8EF5921940859F0021D202;
			productRefGroup = 2C8EF59C1940859F0021D202 /* Products */;
			projectDirPath = "";
			projectRoot = "";
			targets = (
				2C8EF59A1940859F0021D202 /* iSistemium */,
				2C8EF5BB1940859F0021D202 /* iSistemiumTests */,
			);
		};
/* End PBXProject section */

/* Begin PBXResourcesBuildPhase section */
		2C8EF5991940859F0021D202 /* Resources */ = {
			isa = PBXResourcesBuildPhase;
			buildActionMask = 2147483647;
			files = (
				2CE8B52019556E0400C84A6D /* STMAuthTVC.storyboard in Resources */,
				2CD443F1195AD76E004ADE58 /* photo-icon.png in Resources */,
				2C53B88B19409E42002298A5 /* settings.json in Resources */,
				2C8EF5B71940859F0021D202 /* Images.xcassets in Resources */,
				2C53B88A19409E42002298A5 /* settings_schema.json in Resources */,
				2CE8B51B19547AF100C84A6D /* STMCampaigns.storyboard in Resources */,
				2C8EF5ED194086E10021D202 /* Localizable.strings in Resources */,
				2C8EF5A91940859F0021D202 /* InfoPlist.strings in Resources */,
			);
			runOnlyForDeploymentPostprocessing = 0;
		};
		2C8EF5BA1940859F0021D202 /* Resources */ = {
			isa = PBXResourcesBuildPhase;
			buildActionMask = 2147483647;
			files = (
				2C8EF5C81940859F0021D202 /* InfoPlist.strings in Resources */,
			);
			runOnlyForDeploymentPostprocessing = 0;
		};
/* End PBXResourcesBuildPhase section */

/* Begin PBXShellScriptBuildPhase section */
		18CFE10A922847BD8A0454E0 /* Copy Pods Resources */ = {
			isa = PBXShellScriptBuildPhase;
			buildActionMask = 2147483647;
			files = (
			);
			inputPaths = (
			);
			name = "Copy Pods Resources";
			outputPaths = (
			);
			runOnlyForDeploymentPostprocessing = 0;
			shellPath = /bin/sh;
			shellScript = "\"${SRCROOT}/Pods/Pods-resources.sh\"\n";
			showEnvVarsInLog = 0;
		};
		8CB93573B6F54ED2AEF808D8 /* Check Pods Manifest.lock */ = {
			isa = PBXShellScriptBuildPhase;
			buildActionMask = 2147483647;
			files = (
			);
			inputPaths = (
			);
			name = "Check Pods Manifest.lock";
			outputPaths = (
			);
			runOnlyForDeploymentPostprocessing = 0;
			shellPath = /bin/sh;
			shellScript = "diff \"${PODS_ROOT}/../Podfile.lock\" \"${PODS_ROOT}/Manifest.lock\" > /dev/null\nif [[ $? != 0 ]] ; then\n    cat << EOM\nerror: The sandbox is not in sync with the Podfile.lock. Run 'pod install' or update your CocoaPods installation.\nEOM\n    exit 1\nfi\n";
			showEnvVarsInLog = 0;
		};
/* End PBXShellScriptBuildPhase section */

/* Begin PBXSourcesBuildPhase section */
		2C8EF5971940859F0021D202 /* Sources */ = {
			isa = PBXSourcesBuildPhase;
			buildActionMask = 2147483647;
			files = (
				2C65291019576895008605D9 /* STMArticle.m in Sources */,
				2C65290A19576895008605D9 /* STMPhotoReport.m in Sources */,
				2C297F9719507A01000D9485 /* STMExtendNSLog.m in Sources */,
				2C65292219576895008605D9 /* STMTrack.m in Sources */,
				2C65292B195877BA008605D9 /* STMCampaignPictureVC.m in Sources */,
				2C53B8DA1940A1B8002298A5 /* STMTrack+dayAsString.m in Sources */,
				2C6528FE19576894008605D9 /* STMSettings.m in Sources */,
				2CE8B52319556F0700C84A6D /* STMAuthTVC.m in Sources */,
				2C53B89F19409E71002298A5 /* STMSession.m in Sources */,
				2C53B9B019434E1E002298A5 /* STMObjectsController.m in Sources */,
				2CE8B515195475F400C84A6D /* STMRootTBC.m in Sources */,
				2C8EF5AB1940859F0021D202 /* main.m in Sources */,
				2C6528F219576894008605D9 /* STMPartner.m in Sources */,
				2C65284219571C4B008605D9 /* STMCampaignsSVC.m in Sources */,
				2C53B89E19409E71002298A5 /* STMSessionManager.m in Sources */,
				2C65291919576895008605D9 /* STMOutlet.m in Sources */,
				2C8EF5DE1940860A0021D202 /* STMAuthController.m in Sources */,
				2C53B8D91940A1B8002298A5 /* STMLogMessage+dayAsString.m in Sources */,
				2C8EF5DF1940860A0021D202 /* STMFunctions.m in Sources */,
				2C6528FB19576894008605D9 /* STMLogMessage.m in Sources */,
				2C65290719576895008605D9 /* STMLocation.m in Sources */,
				2CD443E5195AAD72004ADE58 /* STMCampaignDetailsPVC.m in Sources */,
				2C6528AA19576355008605D9 /* STMDataModel.xcdatamodeld in Sources */,
				2CD443EE195AB4D6004ADE58 /* STMCampaignPageCVC.m in Sources */,
				2C53B8A019409E71002298A5 /* STMDocument.m in Sources */,
				2C65292819582BE4008605D9 /* STMPicture.m in Sources */,
				2C53B8A419409E71002298A5 /* STMLocationTracker.m in Sources */,
				2C53B8A619409E71002298A5 /* STMSettingsController.m in Sources */,
				2CD443EB195AB26A004ADE58 /* STMCampaignPhotoReportCVC.m in Sources */,
				2C53B8A319409E71002298A5 /* STMBatteryTracker.m in Sources */,
				2C65291319576895008605D9 /* STMDatum.m in Sources */,
				2C65291C19576895008605D9 /* STMPhoto.m in Sources */,
				2C65290D19576895008605D9 /* STMComment.m in Sources */,
				2C65291619576895008605D9 /* STMArticlePicture.m in Sources */,
				2C53B8D81940A1B8002298A5 /* STMDatum+Init.m in Sources */,
				2C53B9B91944AB01002298A5 /* STMCampaignsTVC.m in Sources */,
				2C53B8EB1941C147002298A5 /* STMSyncer.m in Sources */,
				2C6528F819576894008605D9 /* STMCampaign.m in Sources */,
				2C53B8AB19409E83002298A5 /* STMLocationTVC.m in Sources */,
				2C8EF5F31940872E0021D202 /* STMAppDelegate.m in Sources */,
				2C53B8A519409E71002298A5 /* STMSettingsData.m in Sources */,
				2C53B9BC19472D28002298A5 /* STMArticlesTVC.m in Sources */,
				2C6528F519576894008605D9 /* STMCampaignPicture.m in Sources */,
				2CD443E8195AB23B004ADE58 /* STMCampaignPictureCVC.m in Sources */,
				2C65291F19576895008605D9 /* STMSalesman.m in Sources */,
				2C65292E1958A77A008605D9 /* STMCampaignPicturePVC.m in Sources */,
				2C65290119576895008605D9 /* STMBatteryStatus.m in Sources */,
				2C53B8A119409E71002298A5 /* STMLogger.m in Sources */,
				2C53B8A219409E71002298A5 /* STMTracker.m in Sources */,
				2C53B8AC19409E83002298A5 /* STMSettingsTVC.m in Sources */,
			);
			runOnlyForDeploymentPostprocessing = 0;
		};
		2C8EF5B81940859F0021D202 /* Sources */ = {
			isa = PBXSourcesBuildPhase;
			buildActionMask = 2147483647;
			files = (
				2C8EF5CA1940859F0021D202 /* iSistemiumTests.m in Sources */,
			);
			runOnlyForDeploymentPostprocessing = 0;
		};
/* End PBXSourcesBuildPhase section */

/* Begin PBXTargetDependency section */
		2C8EF5C21940859F0021D202 /* PBXTargetDependency */ = {
			isa = PBXTargetDependency;
			target = 2C8EF59A1940859F0021D202 /* iSistemium */;
			targetProxy = 2C8EF5C11940859F0021D202 /* PBXContainerItemProxy */;
		};
/* End PBXTargetDependency section */

/* Begin PBXVariantGroup section */
		2C8EF5A71940859F0021D202 /* InfoPlist.strings */ = {
			isa = PBXVariantGroup;
			children = (
				2C8EF5A81940859F0021D202 /* en */,
				2C8EF5D5194085D50021D202 /* ru */,
			);
			name = InfoPlist.strings;
			sourceTree = "<group>";
		};
		2C8EF5C61940859F0021D202 /* InfoPlist.strings */ = {
			isa = PBXVariantGroup;
			children = (
				2C8EF5C71940859F0021D202 /* en */,
				2C8EF5D6194085D50021D202 /* ru */,
			);
			name = InfoPlist.strings;
			sourceTree = "<group>";
		};
		2C8EF5EF194086E10021D202 /* Localizable.strings */ = {
			isa = PBXVariantGroup;
			children = (
				2C8EF5EE194086E10021D202 /* en */,
				2C8EF5F0194086E20021D202 /* ru */,
			);
			name = Localizable.strings;
			sourceTree = "<group>";
		};
/* End PBXVariantGroup section */

/* Begin XCBuildConfiguration section */
		2C8EF5CB1940859F0021D202 /* Debug */ = {
			isa = XCBuildConfiguration;
			buildSettings = {
				ALWAYS_SEARCH_USER_PATHS = NO;
				CLANG_CXX_LANGUAGE_STANDARD = "gnu++0x";
				CLANG_CXX_LIBRARY = "libc++";
				CLANG_ENABLE_MODULES = YES;
				CLANG_ENABLE_OBJC_ARC = YES;
				CLANG_WARN_BOOL_CONVERSION = YES;
				CLANG_WARN_CONSTANT_CONVERSION = YES;
				CLANG_WARN_DIRECT_OBJC_ISA_USAGE = YES_ERROR;
				CLANG_WARN_EMPTY_BODY = YES;
				CLANG_WARN_ENUM_CONVERSION = YES;
				CLANG_WARN_INT_CONVERSION = YES;
				CLANG_WARN_OBJC_ROOT_CLASS = YES_ERROR;
				CLANG_WARN__DUPLICATE_METHOD_MATCH = YES;
				CODE_SIGN_IDENTITY = "";
				"CODE_SIGN_IDENTITY[sdk=iphoneos*]" = "iPhone Developer";
				COPY_PHASE_STRIP = NO;
				GCC_C_LANGUAGE_STANDARD = gnu99;
				GCC_DYNAMIC_NO_PIC = NO;
				GCC_OPTIMIZATION_LEVEL = 0;
				GCC_PREPROCESSOR_DEFINITIONS = (
					"DEBUG=1",
					"$(inherited)",
				);
				GCC_SYMBOLS_PRIVATE_EXTERN = NO;
				GCC_WARN_64_TO_32_BIT_CONVERSION = YES;
				GCC_WARN_ABOUT_RETURN_TYPE = YES_ERROR;
				GCC_WARN_UNDECLARED_SELECTOR = YES;
				GCC_WARN_UNINITIALIZED_AUTOS = YES_AGGRESSIVE;
				GCC_WARN_UNUSED_FUNCTION = YES;
				GCC_WARN_UNUSED_VARIABLE = YES;
				IPHONEOS_DEPLOYMENT_TARGET = 7.1;
				ONLY_ACTIVE_ARCH = YES;
				PROVISIONING_PROFILE = "4DFABC9F-CB92-44F4-8D04-B5A3A8474A79";
				SDKROOT = iphoneos;
				TARGETED_DEVICE_FAMILY = 2;
			};
			name = Debug;
		};
		2C8EF5CC1940859F0021D202 /* Release */ = {
			isa = XCBuildConfiguration;
			buildSettings = {
				ALWAYS_SEARCH_USER_PATHS = NO;
				CLANG_CXX_LANGUAGE_STANDARD = "gnu++0x";
				CLANG_CXX_LIBRARY = "libc++";
				CLANG_ENABLE_MODULES = YES;
				CLANG_ENABLE_OBJC_ARC = YES;
				CLANG_WARN_BOOL_CONVERSION = YES;
				CLANG_WARN_CONSTANT_CONVERSION = YES;
				CLANG_WARN_DIRECT_OBJC_ISA_USAGE = YES_ERROR;
				CLANG_WARN_EMPTY_BODY = YES;
				CLANG_WARN_ENUM_CONVERSION = YES;
				CLANG_WARN_INT_CONVERSION = YES;
				CLANG_WARN_OBJC_ROOT_CLASS = YES_ERROR;
				CLANG_WARN__DUPLICATE_METHOD_MATCH = YES;
				CODE_SIGN_IDENTITY = "";
				"CODE_SIGN_IDENTITY[sdk=iphoneos*]" = "iPhone Developer";
				COPY_PHASE_STRIP = YES;
				ENABLE_NS_ASSERTIONS = NO;
				GCC_C_LANGUAGE_STANDARD = gnu99;
				GCC_WARN_64_TO_32_BIT_CONVERSION = YES;
				GCC_WARN_ABOUT_RETURN_TYPE = YES_ERROR;
				GCC_WARN_UNDECLARED_SELECTOR = YES;
				GCC_WARN_UNINITIALIZED_AUTOS = YES_AGGRESSIVE;
				GCC_WARN_UNUSED_FUNCTION = YES;
				GCC_WARN_UNUSED_VARIABLE = YES;
				IPHONEOS_DEPLOYMENT_TARGET = 7.1;
				PROVISIONING_PROFILE = "4DFABC9F-CB92-44F4-8D04-B5A3A8474A79";
				SDKROOT = iphoneos;
				TARGETED_DEVICE_FAMILY = 2;
				VALIDATE_PRODUCT = YES;
			};
			name = Release;
		};
		2C8EF5CE1940859F0021D202 /* Debug */ = {
			isa = XCBuildConfiguration;
			baseConfigurationReference = E8B7BD87EDED486BA6D4F962 /* Pods.xcconfig */;
			buildSettings = {
				ASSETCATALOG_COMPILER_APPICON_NAME = AppIcon;
				ASSETCATALOG_COMPILER_LAUNCHIMAGE_NAME = LaunchImage;
				CODE_SIGN_IDENTITY = "iPhone Developer";
				"CODE_SIGN_IDENTITY[sdk=iphoneos*]" = "iPhone Developer";
				GCC_PRECOMPILE_PREFIX_HEADER = YES;
				GCC_PREFIX_HEADER = "iSistemium/iSistemium-Prefix.pch";
				INFOPLIST_FILE = "iSistemium/iSistemium-Info.plist";
				PRODUCT_NAME = "$(TARGET_NAME)";
				PROVISIONING_PROFILE = "4DFABC9F-CB92-44F4-8D04-B5A3A8474A79";
				TARGETED_DEVICE_FAMILY = 2;
				WRAPPER_EXTENSION = app;
			};
			name = Debug;
		};
		2C8EF5CF1940859F0021D202 /* Release */ = {
			isa = XCBuildConfiguration;
			baseConfigurationReference = E8B7BD87EDED486BA6D4F962 /* Pods.xcconfig */;
			buildSettings = {
				ASSETCATALOG_COMPILER_APPICON_NAME = AppIcon;
				ASSETCATALOG_COMPILER_LAUNCHIMAGE_NAME = LaunchImage;
				CODE_SIGN_IDENTITY = "iPhone Developer";
				"CODE_SIGN_IDENTITY[sdk=iphoneos*]" = "iPhone Developer";
				GCC_PRECOMPILE_PREFIX_HEADER = YES;
				GCC_PREFIX_HEADER = "iSistemium/iSistemium-Prefix.pch";
				INFOPLIST_FILE = "iSistemium/iSistemium-Info.plist";
				PRODUCT_NAME = "$(TARGET_NAME)";
				PROVISIONING_PROFILE = "4DFABC9F-CB92-44F4-8D04-B5A3A8474A79";
				TARGETED_DEVICE_FAMILY = 2;
				WRAPPER_EXTENSION = app;
			};
			name = Release;
		};
		2C8EF5D11940859F0021D202 /* Debug */ = {
			isa = XCBuildConfiguration;
			buildSettings = {
				BUNDLE_LOADER = "$(BUILT_PRODUCTS_DIR)/iSistemium.app/iSistemium";
				FRAMEWORK_SEARCH_PATHS = (
					"$(SDKROOT)/Developer/Library/Frameworks",
					"$(inherited)",
					"$(DEVELOPER_FRAMEWORKS_DIR)",
				);
				GCC_PRECOMPILE_PREFIX_HEADER = YES;
				GCC_PREFIX_HEADER = "iSistemium/iSistemium-Prefix.pch";
				GCC_PREPROCESSOR_DEFINITIONS = (
					"DEBUG=1",
					"$(inherited)",
				);
				INFOPLIST_FILE = "iSistemiumTests/iSistemiumTests-Info.plist";
				PRODUCT_NAME = "$(TARGET_NAME)";
				TEST_HOST = "$(BUNDLE_LOADER)";
				WRAPPER_EXTENSION = xctest;
			};
			name = Debug;
		};
		2C8EF5D21940859F0021D202 /* Release */ = {
			isa = XCBuildConfiguration;
			buildSettings = {
				BUNDLE_LOADER = "$(BUILT_PRODUCTS_DIR)/iSistemium.app/iSistemium";
				FRAMEWORK_SEARCH_PATHS = (
					"$(SDKROOT)/Developer/Library/Frameworks",
					"$(inherited)",
					"$(DEVELOPER_FRAMEWORKS_DIR)",
				);
				GCC_PRECOMPILE_PREFIX_HEADER = YES;
				GCC_PREFIX_HEADER = "iSistemium/iSistemium-Prefix.pch";
				INFOPLIST_FILE = "iSistemiumTests/iSistemiumTests-Info.plist";
				PRODUCT_NAME = "$(TARGET_NAME)";
				TEST_HOST = "$(BUNDLE_LOADER)";
				WRAPPER_EXTENSION = xctest;
			};
			name = Release;
		};
/* End XCBuildConfiguration section */

/* Begin XCConfigurationList section */
		2C8EF5961940859F0021D202 /* Build configuration list for PBXProject "iSistemium" */ = {
			isa = XCConfigurationList;
			buildConfigurations = (
				2C8EF5CB1940859F0021D202 /* Debug */,
				2C8EF5CC1940859F0021D202 /* Release */,
			);
			defaultConfigurationIsVisible = 0;
			defaultConfigurationName = Release;
		};
		2C8EF5CD1940859F0021D202 /* Build configuration list for PBXNativeTarget "iSistemium" */ = {
			isa = XCConfigurationList;
			buildConfigurations = (
				2C8EF5CE1940859F0021D202 /* Debug */,
				2C8EF5CF1940859F0021D202 /* Release */,
			);
			defaultConfigurationIsVisible = 0;
			defaultConfigurationName = Release;
		};
		2C8EF5D01940859F0021D202 /* Build configuration list for PBXNativeTarget "iSistemiumTests" */ = {
			isa = XCConfigurationList;
			buildConfigurations = (
				2C8EF5D11940859F0021D202 /* Debug */,
				2C8EF5D21940859F0021D202 /* Release */,
			);
			defaultConfigurationIsVisible = 0;
			defaultConfigurationName = Release;
		};
/* End XCConfigurationList section */

/* Begin XCVersionGroup section */
		2C6528A719576355008605D9 /* STMDataModel.xcdatamodeld */ = {
			isa = XCVersionGroup;
			children = (
				2C6528A819576355008605D9 /* STMDataModel 2.xcdatamodel */,
				2C6528A919576355008605D9 /* STMDataModel.xcdatamodel */,
			);
			currentVersion = 2C6528A819576355008605D9 /* STMDataModel 2.xcdatamodel */;
			path = STMDataModel.xcdatamodeld;
			sourceTree = "<group>";
			versionGroupType = wrapper.xcdatamodel;
		};
/* End XCVersionGroup section */
	};
	rootObject = 2C8EF5931940859F0021D202 /* Project object */;
}
